{
  "version": 4,
  "terraform_version": "1.5.7",
  "serial": 64,
  "lineage": "41ff7b09-4bb8-9df3-3f55-740de27e27ac",
  "outputs": {
    "bucket_name": {
      "value": "neon-glyph-479010-p1-elasticsearch-training-docs",
      "type": "string"
    },
    "service_account_bucket_name": {
      "value": "elasticsearch-bucket-access@neon-glyph-479010-p1.iam.gserviceaccount.com",
      "type": "string"
    },
    "service_account_eventarc_name": {
      "value": "elasticsearch-eventarc-access@neon-glyph-479010-p1.iam.gserviceaccount.com",
      "type": "string"
    }
  },
  "resources": [
    {
      "module": "module.cloud_storage",
      "mode": "data",
      "type": "google_storage_project_service_account",
      "name": "gcs_account",
      "provider": "provider[\"registry.terraform.io/hashicorp/google\"]",
      "instances": [
        {
          "schema_version": 0,
          "attributes": {
            "email_address": "service-927969645494@gs-project-accounts.iam.gserviceaccount.com",
            "id": "service-927969645494@gs-project-accounts.iam.gserviceaccount.com",
            "member": "serviceAccount:service-927969645494@gs-project-accounts.iam.gserviceaccount.com",
            "project": "neon-glyph-479010-p1",
            "user_project": null
          },
          "sensitive_attributes": []
        }
      ]
    },
    {
      "module": "module.cloud_storage",
      "mode": "managed",
      "type": "google_eventarc_trigger",
      "name": "trigger",
      "provider": "provider[\"registry.terraform.io/hashicorp/google\"]",
      "instances": [
        {
          "schema_version": 0,
          "attributes": {
            "channel": "",
            "conditions": {},
            "create_time": "2025-12-26T12:22:41.400952702Z",
            "destination": [
              {
                "cloud_function": "",
                "cloud_run_service": [],
                "gke": [
                  {
                    "cluster": "de-app-dev",
                    "location": "europe-north2-a",
                    "namespace": "elastic",
                    "path": "/",
                    "service": "embed-docs"
                  }
                ],
                "http_endpoint": [],
                "network_config": [],
                "workflow": ""
              }
            ],
            "effective_labels": {},
            "etag": "",
            "event_data_content_type": "application/json",
            "id": "projects/neon-glyph-479010-p1/locations/europe-north2/triggers/elasticsearch-storage-trigger",
            "labels": null,
            "location": "europe-north2",
            "matching_criteria": [
              {
                "attribute": "bucket",
                "operator": "",
                "value": "neon-glyph-479010-p1-elasticsearch-training-docs"
              },
              {
                "attribute": "type",
                "operator": "",
                "value": "google.cloud.storage.object.v1.finalized"
              }
            ],
            "name": "elasticsearch-storage-trigger",
            "project": "neon-glyph-479010-p1",
            "service_account": "elasticsearch-eventarc-access@neon-glyph-479010-p1.iam.gserviceaccount.com",
            "terraform_labels": {},
            "timeouts": null,
            "transport": [
              {
                "pubsub": [
                  {
                    "subscription": "projects/neon-glyph-479010-p1/subscriptions/eventarc-europe-north2-elasticsearch-storage-trigger-sub-492",
                    "topic": "projects/neon-glyph-479010-p1/topics/eventarc-europe-north2-elasticsearch-storage-trigger-170"
                  }
                ]
              }
            ],
            "uid": "df5e0bd0-8c4f-4bde-83ca-d20385fe15fc",
            "update_time": "2025-12-26T12:24:31.262812968Z"
          },
          "sensitive_attributes": [],
          "private": "eyJlMmJmYjczMC1lY2FhLTExZTYtOGY4OC0zNDM2M2JjN2M0YzAiOnsiY3JlYXRlIjoxMjAwMDAwMDAwMDAwLCJkZWxldGUiOjEyMDAwMDAwMDAwMDAsInVwZGF0ZSI6MTIwMDAwMDAwMDAwMH19",
          "dependencies": [
            "module.cloud_storage.module.cloud-storage.google_storage_bucket.bucket",
            "module.cloud_storage.module.cloud-storage.google_storage_bucket_iam_member.members",
            "module.cloud_storage.module.project-iam-bindings.google_project_iam_binding.project_iam_authoritative",
            "module.cloud_storage.module.project-iam-bindings.google_project_iam_member.project_iam_additive",
            "module.cloud_storage.module.service-account-eventarc.google_billing_account_iam_member.billing_user",
            "module.cloud_storage.module.service-account-eventarc.google_organization_iam_member.billing_user",
            "module.cloud_storage.module.service-account-eventarc.google_organization_iam_member.organization_viewer",
            "module.cloud_storage.module.service-account-eventarc.google_organization_iam_member.xpn_admin",
            "module.cloud_storage.module.service-account-eventarc.google_project_iam_member.project-roles",
            "module.cloud_storage.module.service-account-eventarc.google_service_account.service_accounts",
            "module.cloud_storage.module.service-account-eventarc.google_service_account_key.keys"
          ]
        }
      ]
    },
    {
      "module": "module.cloud_storage.module.cloud-storage",
      "mode": "managed",
      "type": "google_storage_bucket",
      "name": "bucket",
      "provider": "provider[\"registry.terraform.io/hashicorp/google\"]",
      "instances": [
        {
          "schema_version": 2,
          "attributes": {
            "autoclass": [],
            "cors": [],
            "custom_placement_config": [],
            "default_event_based_hold": false,
            "effective_labels": {},
            "enable_object_retention": false,
            "encryption": [],
            "force_destroy": true,
            "id": "neon-glyph-479010-p1-elasticsearch-training-docs",
            "labels": null,
            "lifecycle_rule": [],
            "location": "EUROPE-NORTH2",
            "logging": [],
            "name": "neon-glyph-479010-p1-elasticsearch-training-docs",
            "project": "neon-glyph-479010-p1",
            "project_number": 927969645494,
            "public_access_prevention": "inherited",
            "requester_pays": false,
            "retention_policy": [],
            "rpo": null,
            "self_link": "https://www.googleapis.com/storage/v1/b/neon-glyph-479010-p1-elasticsearch-training-docs",
            "soft_delete_policy": [
              {
                "effective_time": "2025-12-26T12:22:12.336Z",
                "retention_duration_seconds": 604800
              }
            ],
            "storage_class": "STANDARD",
            "terraform_labels": {},
            "timeouts": null,
            "uniform_bucket_level_access": true,
            "url": "gs://neon-glyph-479010-p1-elasticsearch-training-docs",
            "versioning": [
              {
                "enabled": true
              }
            ],
            "website": []
          },
          "sensitive_attributes": [],
          "private": "eyJlMmJmYjczMC1lY2FhLTExZTYtOGY4OC0zNDM2M2JjN2M0YzAiOnsiY3JlYXRlIjo2MDAwMDAwMDAwMDAsInJlYWQiOjI0MDAwMDAwMDAwMCwidXBkYXRlIjoyNDAwMDAwMDAwMDB9LCJzY2hlbWFfdmVyc2lvbiI6IjIifQ=="
        }
      ]
    },
    {
      "module": "module.cloud_storage.module.cloud-storage-iam-bindings",
      "mode": "managed",
      "type": "google_storage_bucket_iam_binding",
      "name": "storage_bucket_iam_authoritative",
      "provider": "provider[\"registry.terraform.io/hashicorp/google\"]",
      "instances": [
        {
          "index_key": "default--roles/storage.objectViewer",
          "schema_version": 0,
          "attributes": {
            "bucket": "b/neon-glyph-479010-p1-elasticsearch-training-docs",
            "condition": [],
            "etag": "CAI=",
            "id": "b/neon-glyph-479010-p1-elasticsearch-training-docs/roles/storage.objectViewer",
            "members": [
              "serviceAccount:elasticsearch-bucket-access@neon-glyph-479010-p1.iam.gserviceaccount.com"
            ],
            "role": "roles/storage.objectViewer"
          },
          "sensitive_attributes": [],
          "private": "bnVsbA==",
          "dependencies": [
            "module.cloud_storage.module.cloud-storage.google_storage_bucket.bucket",
            "module.cloud_storage.module.cloud-storage.google_storage_bucket_iam_member.members",
            "module.cloud_storage.module.service-account-bucket.google_service_account.service_accounts"
          ]
        }
      ]
    },
    {
      "module": "module.cloud_storage.module.project-iam-bindings",
      "mode": "managed",
      "type": "google_project_iam_member",
      "name": "project_iam_additive",
      "provider": "provider[\"registry.terraform.io/hashicorp/google\"]",
      "instances": [
        {
          "index_key": "default--roles/container.admin--serviceAccount:elasticsearch-eventarc-access@neon-glyph-479010-p1.iam.gserviceaccount.com",
          "schema_version": 0,
          "attributes": {
            "condition": [],
            "etag": "BwZG2fJhsyc=",
            "id": "neon-glyph-479010-p1/roles/container.admin/serviceAccount:elasticsearch-eventarc-access@neon-glyph-479010-p1.iam.gserviceaccount.com",
            "member": "serviceAccount:elasticsearch-eventarc-access@neon-glyph-479010-p1.iam.gserviceaccount.com",
            "project": "neon-glyph-479010-p1",
            "role": "roles/container.admin"
          },
          "sensitive_attributes": [],
          "private": "bnVsbA==",
          "dependencies": [
            "module.cloud_storage.module.cloud-storage.google_storage_bucket.bucket",
            "module.cloud_storage.module.cloud-storage.google_storage_bucket_iam_member.members",
            "module.cloud_storage.module.service-account-eventarc.google_billing_account_iam_member.billing_user",
            "module.cloud_storage.module.service-account-eventarc.google_organization_iam_member.billing_user",
            "module.cloud_storage.module.service-account-eventarc.google_organization_iam_member.organization_viewer",
            "module.cloud_storage.module.service-account-eventarc.google_organization_iam_member.xpn_admin",
            "module.cloud_storage.module.service-account-eventarc.google_project_iam_member.project-roles",
            "module.cloud_storage.module.service-account-eventarc.google_service_account.service_accounts",
            "module.cloud_storage.module.service-account-eventarc.google_service_account_key.keys"
          ]
        },
        {
          "index_key": "default--roles/eventarc.admin--serviceAccount:elasticsearch-eventarc-access@neon-glyph-479010-p1.iam.gserviceaccount.com",
          "schema_version": 0,
          "attributes": {
            "condition": [],
            "etag": "BwZG2fJhsyc=",
            "id": "neon-glyph-479010-p1/roles/eventarc.admin/serviceAccount:elasticsearch-eventarc-access@neon-glyph-479010-p1.iam.gserviceaccount.com",
            "member": "serviceAccount:elasticsearch-eventarc-access@neon-glyph-479010-p1.iam.gserviceaccount.com",
            "project": "neon-glyph-479010-p1",
            "role": "roles/eventarc.admin"
          },
          "sensitive_attributes": [],
          "private": "bnVsbA==",
          "dependencies": [
            "module.cloud_storage.module.cloud-storage.google_storage_bucket.bucket",
            "module.cloud_storage.module.cloud-storage.google_storage_bucket_iam_member.members",
            "module.cloud_storage.module.service-account-eventarc.google_billing_account_iam_member.billing_user",
            "module.cloud_storage.module.service-account-eventarc.google_organization_iam_member.billing_user",
            "module.cloud_storage.module.service-account-eventarc.google_organization_iam_member.organization_viewer",
            "module.cloud_storage.module.service-account-eventarc.google_organization_iam_member.xpn_admin",
            "module.cloud_storage.module.service-account-eventarc.google_project_iam_member.project-roles",
            "module.cloud_storage.module.service-account-eventarc.google_service_account.service_accounts",
            "module.cloud_storage.module.service-account-eventarc.google_service_account_key.keys"
          ]
        },
        {
          "index_key": "default--roles/eventarc.eventReceiver--serviceAccount:elasticsearch-eventarc-access@neon-glyph-479010-p1.iam.gserviceaccount.com",
          "schema_version": 0,
          "attributes": {
            "condition": [],
            "etag": "BwZG2fJhsyc=",
            "id": "neon-glyph-479010-p1/roles/eventarc.eventReceiver/serviceAccount:elasticsearch-eventarc-access@neon-glyph-479010-p1.iam.gserviceaccount.com",
            "member": "serviceAccount:elasticsearch-eventarc-access@neon-glyph-479010-p1.iam.gserviceaccount.com",
            "project": "neon-glyph-479010-p1",
            "role": "roles/eventarc.eventReceiver"
          },
          "sensitive_attributes": [],
          "private": "bnVsbA==",
          "dependencies": [
            "module.cloud_storage.module.cloud-storage.google_storage_bucket.bucket",
            "module.cloud_storage.module.cloud-storage.google_storage_bucket_iam_member.members",
            "module.cloud_storage.module.service-account-eventarc.google_billing_account_iam_member.billing_user",
            "module.cloud_storage.module.service-account-eventarc.google_organization_iam_member.billing_user",
            "module.cloud_storage.module.service-account-eventarc.google_organization_iam_member.organization_viewer",
            "module.cloud_storage.module.service-account-eventarc.google_organization_iam_member.xpn_admin",
            "module.cloud_storage.module.service-account-eventarc.google_project_iam_member.project-roles",
            "module.cloud_storage.module.service-account-eventarc.google_service_account.service_accounts",
            "module.cloud_storage.module.service-account-eventarc.google_service_account_key.keys"
          ]
        },
        {
          "index_key": "default--roles/iam.serviceAccountUser--serviceAccount:elasticsearch-eventarc-access@neon-glyph-479010-p1.iam.gserviceaccount.com",
          "schema_version": 0,
          "attributes": {
            "condition": [],
            "etag": "BwZG2fJhsyc=",
            "id": "neon-glyph-479010-p1/roles/iam.serviceAccountUser/serviceAccount:elasticsearch-eventarc-access@neon-glyph-479010-p1.iam.gserviceaccount.com",
            "member": "serviceAccount:elasticsearch-eventarc-access@neon-glyph-479010-p1.iam.gserviceaccount.com",
            "project": "neon-glyph-479010-p1",
            "role": "roles/iam.serviceAccountUser"
          },
          "sensitive_attributes": [],
          "private": "bnVsbA==",
          "dependencies": [
            "module.cloud_storage.module.cloud-storage.google_storage_bucket.bucket",
            "module.cloud_storage.module.cloud-storage.google_storage_bucket_iam_member.members",
            "module.cloud_storage.module.service-account-eventarc.google_billing_account_iam_member.billing_user",
            "module.cloud_storage.module.service-account-eventarc.google_organization_iam_member.billing_user",
            "module.cloud_storage.module.service-account-eventarc.google_organization_iam_member.organization_viewer",
            "module.cloud_storage.module.service-account-eventarc.google_organization_iam_member.xpn_admin",
            "module.cloud_storage.module.service-account-eventarc.google_project_iam_member.project-roles",
            "module.cloud_storage.module.service-account-eventarc.google_service_account.service_accounts",
            "module.cloud_storage.module.service-account-eventarc.google_service_account_key.keys"
          ]
        },
        {
          "index_key": "default--roles/monitoring.metricWriter--serviceAccount:elasticsearch-eventarc-access@neon-glyph-479010-p1.iam.gserviceaccount.com",
          "schema_version": 0,
          "attributes": {
            "condition": [],
            "etag": "BwZG2fJhsyc=",
            "id": "neon-glyph-479010-p1/roles/monitoring.metricWriter/serviceAccount:elasticsearch-eventarc-access@neon-glyph-479010-p1.iam.gserviceaccount.com",
            "member": "serviceAccount:elasticsearch-eventarc-access@neon-glyph-479010-p1.iam.gserviceaccount.com",
            "project": "neon-glyph-479010-p1",
            "role": "roles/monitoring.metricWriter"
          },
          "sensitive_attributes": [],
          "private": "bnVsbA==",
          "dependencies": [
            "module.cloud_storage.module.cloud-storage.google_storage_bucket.bucket",
            "module.cloud_storage.module.cloud-storage.google_storage_bucket_iam_member.members",
            "module.cloud_storage.module.service-account-eventarc.google_billing_account_iam_member.billing_user",
            "module.cloud_storage.module.service-account-eventarc.google_organization_iam_member.billing_user",
            "module.cloud_storage.module.service-account-eventarc.google_organization_iam_member.organization_viewer",
            "module.cloud_storage.module.service-account-eventarc.google_organization_iam_member.xpn_admin",
            "module.cloud_storage.module.service-account-eventarc.google_project_iam_member.project-roles",
            "module.cloud_storage.module.service-account-eventarc.google_service_account.service_accounts",
            "module.cloud_storage.module.service-account-eventarc.google_service_account_key.keys"
          ]
        },
        {
          "index_key": "default--roles/pubsub.publisher--serviceAccount:elasticsearch-eventarc-access@neon-glyph-479010-p1.iam.gserviceaccount.com",
          "schema_version": 0,
          "attributes": {
            "condition": [],
            "etag": "BwZG2fJhsyc=",
            "id": "neon-glyph-479010-p1/roles/pubsub.publisher/serviceAccount:elasticsearch-eventarc-access@neon-glyph-479010-p1.iam.gserviceaccount.com",
            "member": "serviceAccount:elasticsearch-eventarc-access@neon-glyph-479010-p1.iam.gserviceaccount.com",
            "project": "neon-glyph-479010-p1",
            "role": "roles/pubsub.publisher"
          },
          "sensitive_attributes": [],
          "private": "bnVsbA==",
          "dependencies": [
            "module.cloud_storage.module.cloud-storage.google_storage_bucket.bucket",
            "module.cloud_storage.module.cloud-storage.google_storage_bucket_iam_member.members",
            "module.cloud_storage.module.service-account-eventarc.google_billing_account_iam_member.billing_user",
            "module.cloud_storage.module.service-account-eventarc.google_organization_iam_member.billing_user",
            "module.cloud_storage.module.service-account-eventarc.google_organization_iam_member.organization_viewer",
            "module.cloud_storage.module.service-account-eventarc.google_organization_iam_member.xpn_admin",
            "module.cloud_storage.module.service-account-eventarc.google_project_iam_member.project-roles",
            "module.cloud_storage.module.service-account-eventarc.google_service_account.service_accounts",
            "module.cloud_storage.module.service-account-eventarc.google_service_account_key.keys"
          ]
        },
        {
          "index_key": "default--roles/pubsub.subscriber--serviceAccount:elasticsearch-eventarc-access@neon-glyph-479010-p1.iam.gserviceaccount.com",
          "schema_version": 0,
          "attributes": {
            "condition": [],
            "etag": "BwZG2fJhsyc=",
            "id": "neon-glyph-479010-p1/roles/pubsub.subscriber/serviceAccount:elasticsearch-eventarc-access@neon-glyph-479010-p1.iam.gserviceaccount.com",
            "member": "serviceAccount:elasticsearch-eventarc-access@neon-glyph-479010-p1.iam.gserviceaccount.com",
            "project": "neon-glyph-479010-p1",
            "role": "roles/pubsub.subscriber"
          },
          "sensitive_attributes": [],
          "private": "bnVsbA==",
          "dependencies": [
            "module.cloud_storage.module.cloud-storage.google_storage_bucket.bucket",
            "module.cloud_storage.module.cloud-storage.google_storage_bucket_iam_member.members",
            "module.cloud_storage.module.service-account-eventarc.google_billing_account_iam_member.billing_user",
            "module.cloud_storage.module.service-account-eventarc.google_organization_iam_member.billing_user",
            "module.cloud_storage.module.service-account-eventarc.google_organization_iam_member.organization_viewer",
            "module.cloud_storage.module.service-account-eventarc.google_organization_iam_member.xpn_admin",
            "module.cloud_storage.module.service-account-eventarc.google_project_iam_member.project-roles",
            "module.cloud_storage.module.service-account-eventarc.google_service_account.service_accounts",
            "module.cloud_storage.module.service-account-eventarc.google_service_account_key.keys"
          ]
        }
      ]
    },
    {
      "module": "module.cloud_storage.module.project-iam-bindings-bucket",
      "mode": "managed",
      "type": "google_project_iam_member",
      "name": "project_iam_additive",
      "provider": "provider[\"registry.terraform.io/hashicorp/google\"]",
      "instances": [
        {
          "index_key": "default--roles/aiplatform.user--serviceAccount:elasticsearch-bucket-access@neon-glyph-479010-p1.iam.gserviceaccount.com",
          "schema_version": 0,
          "attributes": {
            "condition": [],
            "etag": "BwZG2fJhsyc=",
            "id": "neon-glyph-479010-p1/roles/aiplatform.user/serviceAccount:elasticsearch-bucket-access@neon-glyph-479010-p1.iam.gserviceaccount.com",
            "member": "serviceAccount:elasticsearch-bucket-access@neon-glyph-479010-p1.iam.gserviceaccount.com",
            "project": "neon-glyph-479010-p1",
            "role": "roles/aiplatform.user"
          },
          "sensitive_attributes": [],
          "private": "bnVsbA==",
          "dependencies": [
            "module.cloud_storage.module.service-account-bucket.google_billing_account_iam_member.billing_user",
            "module.cloud_storage.module.service-account-bucket.google_organization_iam_member.billing_user",
            "module.cloud_storage.module.service-account-bucket.google_organization_iam_member.organization_viewer",
            "module.cloud_storage.module.service-account-bucket.google_organization_iam_member.xpn_admin",
            "module.cloud_storage.module.service-account-bucket.google_project_iam_member.project-roles",
            "module.cloud_storage.module.service-account-bucket.google_service_account.service_accounts",
            "module.cloud_storage.module.service-account-bucket.google_service_account_key.keys"
          ]
        },
        {
          "index_key": "default--roles/iam.workloadIdentityUser--serviceAccount:neon-glyph-479010-p1.svc.id.goog[elastic/embed-docs-sa]",
          "schema_version": 0,
          "attributes": {
            "condition": [],
            "etag": "BwZG2fJhsyc=",
            "id": "neon-glyph-479010-p1/roles/iam.workloadIdentityUser/serviceAccount:neon-glyph-479010-p1.svc.id.goog[elastic/embed-docs-sa]",
            "member": "serviceAccount:neon-glyph-479010-p1.svc.id.goog[elastic/embed-docs-sa]",
            "project": "neon-glyph-479010-p1",
            "role": "roles/iam.workloadIdentityUser"
          },
          "sensitive_attributes": [],
          "private": "bnVsbA==",
          "dependencies": [
            "module.cloud_storage.module.service-account-bucket.google_billing_account_iam_member.billing_user",
            "module.cloud_storage.module.service-account-bucket.google_organization_iam_member.billing_user",
            "module.cloud_storage.module.service-account-bucket.google_organization_iam_member.organization_viewer",
            "module.cloud_storage.module.service-account-bucket.google_organization_iam_member.xpn_admin",
            "module.cloud_storage.module.service-account-bucket.google_project_iam_member.project-roles",
            "module.cloud_storage.module.service-account-bucket.google_service_account.service_accounts",
            "module.cloud_storage.module.service-account-bucket.google_service_account_key.keys"
          ]
        }
      ]
    },
    {
      "module": "module.cloud_storage.module.project-iam-bindings-cloud-storage",
      "mode": "managed",
      "type": "google_project_iam_member",
      "name": "project_iam_additive",
      "provider": "provider[\"registry.terraform.io/hashicorp/google\"]",
      "instances": [
        {
          "index_key": "default--roles/pubsub.publisher--serviceAccount:service-927969645494@gs-project-accounts.iam.gserviceaccount.com",
          "schema_version": 0,
          "attributes": {
            "condition": [],
            "etag": "BwZG2fGbtbo=",
            "id": "neon-glyph-479010-p1/roles/pubsub.publisher/serviceAccount:service-927969645494@gs-project-accounts.iam.gserviceaccount.com",
            "member": "serviceAccount:service-927969645494@gs-project-accounts.iam.gserviceaccount.com",
            "project": "neon-glyph-479010-p1",
            "role": "roles/pubsub.publisher"
          },
          "sensitive_attributes": [],
          "private": "bnVsbA==",
          "dependencies": [
            "module.cloud_storage.data.google_storage_project_service_account.gcs_account"
          ]
        }
      ]
    },
    {
      "module": "module.cloud_storage.module.service-account-bucket",
      "mode": "managed",
      "type": "google_service_account",
      "name": "service_accounts",
      "provider": "provider[\"registry.terraform.io/hashicorp/google\"]",
      "instances": [
        {
          "index_key": "elasticsearch-bucket-access",
          "schema_version": 0,
          "attributes": {
            "account_id": "elasticsearch-bucket-access",
            "create_ignore_already_exists": null,
            "description": "Service account to access the bucket with training documents",
            "disabled": false,
            "display_name": "Terraform-managed service account",
            "email": "elasticsearch-bucket-access@neon-glyph-479010-p1.iam.gserviceaccount.com",
            "id": "projects/neon-glyph-479010-p1/serviceAccounts/elasticsearch-bucket-access@neon-glyph-479010-p1.iam.gserviceaccount.com",
            "member": "serviceAccount:elasticsearch-bucket-access@neon-glyph-479010-p1.iam.gserviceaccount.com",
            "name": "projects/neon-glyph-479010-p1/serviceAccounts/elasticsearch-bucket-access@neon-glyph-479010-p1.iam.gserviceaccount.com",
            "project": "neon-glyph-479010-p1",
            "timeouts": null,
            "unique_id": "107813253201430307762"
          },
          "sensitive_attributes": [],
          "private": "eyJlMmJmYjczMC1lY2FhLTExZTYtOGY4OC0zNDM2M2JjN2M0YzAiOnsiY3JlYXRlIjozMDAwMDAwMDAwMDB9fQ=="
        }
      ]
    },
    {
      "module": "module.cloud_storage.module.service-account-eventarc",
      "mode": "managed",
      "type": "google_service_account",
      "name": "service_accounts",
      "provider": "provider[\"registry.terraform.io/hashicorp/google\"]",
      "instances": [
        {
          "index_key": "elasticsearch-eventarc-access",
          "schema_version": 0,
          "attributes": {
            "account_id": "elasticsearch-eventarc-access",
            "create_ignore_already_exists": null,
            "description": "Service account to access the Pub/Sub Topic and GKE clusters for Eventarc",
            "disabled": false,
            "display_name": "Terraform-managed service account",
            "email": "elasticsearch-eventarc-access@neon-glyph-479010-p1.iam.gserviceaccount.com",
            "id": "projects/neon-glyph-479010-p1/serviceAccounts/elasticsearch-eventarc-access@neon-glyph-479010-p1.iam.gserviceaccount.com",
            "member": "serviceAccount:elasticsearch-eventarc-access@neon-glyph-479010-p1.iam.gserviceaccount.com",
            "name": "projects/neon-glyph-479010-p1/serviceAccounts/elasticsearch-eventarc-access@neon-glyph-479010-p1.iam.gserviceaccount.com",
            "project": "neon-glyph-479010-p1",
            "timeouts": null,
            "unique_id": "113284022063150493810"
          },
          "sensitive_attributes": [],
          "private": "eyJlMmJmYjczMC1lY2FhLTExZTYtOGY4OC0zNDM2M2JjN2M0YzAiOnsiY3JlYXRlIjozMDAwMDAwMDAwMDB9fQ=="
        }
      ]
    }
  ],
  "check_results": null
}
